
Microsoft Visual Studio Solution File, Format Version 12.00
# Visual Studio Version 17
VisualStudioVersion = 17.6.33723.286
MinimumVisualStudioVersion = 10.0.40219.1
Project("{FAE04EC0-301F-11D3-BF4B-00C04F79EFBC}") = "PWebLogin", "PWebLogin\PWebLogin.csproj", "{E018E51F-5953-47C0-9FB3-DD66D01B454C}"
EndProject
Global
	GlobalSection(SolutionConfigurationPlatforms) = preSolution
		Debug|Any CPU = Debug|Any CPU
		Release|Any CPU = Release|Any CPU
	EndGlobalSection
	GlobalSection(ProjectConfigurationPlatforms) = postSolution
		{E018E51F-5953-47C0-9FB3-DD66D01B454C}.Debug|Any CPU.ActiveCfg = Debug|Any CPU
		{E018E51F-5953-47C0-9FB3-DD66D01B454C}.Debug|Any CPU.Build.0 = Debug|Any CPU
		{E018E51F-5953-47C0-9FB3-DD66D01B454C}.Release|Any CPU.ActiveCfg = Release|Any CPU
		{E018E51F-5953-47C0-9FB3-DD66D01B454C}.Release|Any CPU.Build.0 = Release|Any CPU
	EndGlobalSection
	GlobalSection(SolutionProperties) = preSolution
		HideSolutionNode = FALSE
	EndGlobalSection
	GlobalSection(ExtensibilityGlobals) = postSolution
		SolutionGuid = {568FE75D-B897-463D-BDB7-79DADD8275D5}
	EndGlobalSection
EndGlobal
